{
  "requires": true,
  "lockfileVersion": 1,
  "dependencies": {
    "circlr": {
      "version": "3.1.1",
      "resolved": "https://registry.npmjs.org/circlr/-/circlr-3.1.1.tgz",
      "integrity": "sha1-xnaYfeArJRNKnU0loaXmgpxPmfs=",
      "requires": {
        "component-emitter": "^1.2.0",
        "eventwheel": "^0.3.0"
      }
    },
    "component-emitter": {
      "version": "1.3.0",
      "resolved": "https://registry.npmjs.org/component-emitter/-/component-emitter-1.3.0.tgz",
      "integrity": "sha512-Rd3se6QB+sO1TwqZjscQrurpEPIfO0/yYnSin6Q/rD3mOutHvUrCAhJub3r90uNb+SESBuE0QYoB90YdfatsRg=="
    },
    "component-event": {
      "version": "0.1.4",
      "resolved": "https://registry.npmjs.org/component-event/-/component-event-0.1.4.tgz",
      "integrity": "sha1-PeePwoeCOBeH4kvyp8U2vwFCybQ="
    },
    "eventwheel": {
      "version": "0.3.1",
      "resolved": "https://registry.npmjs.org/eventwheel/-/eventwheel-0.3.1.tgz",
      "integrity": "sha1-IS/gCheFFW5+wfBsjgJGaCMFoQM=",
      "requires": {
        "component-event": "^0.1.4"
      }
    }
  }
}
